{
  "name": "relay",
  "version": "0.0.1",
  "lockfileVersion": 3,
  "requires": true,
  "packages": {
    "": {
      "name": "relay",
      "version": "0.0.1",
      "license": "MIT",
      "workspaces": [
        "cli"
      ]
    },
    "cli": {
      "name": "bob-relay",
      "version": "0.5.0",
      "license": "MIT",
      "dependencies": {
        "commander": "^15.0.0",
        "yaml": "^2.9.1"
      },
      "bin": {
        "relay": "dist/index.js"
      },
      "devDependencies": {
        "@types/node": "^26.6.2",
        "typescript": "^5.6.0"
      },
      "engines": {
        "node": ">=20"
      }
    },
    "dashboard": {
      "name": "@relay/dashboard",
      "version": "0.0.1",
      "extraneous": true,
      "dependencies": {
        "@radix-ui/react-dialog": "^1.1.23",
        "@tanstack/react-query": "^5.103.2",
        "class-variance-authority": "^0.7.1",
        "clsx": "^2.1.1",
        "framer-motion": "^11.18.2",
        "lucide-react": "^0.460.0",
        "react": "^18.3.0",
        "react-dom": "^18.3.0",
        "react-markdown": "^9.0.1",
        "remark-gfm": "^4.0.1",
        "tailwind-merge": "^2.5.4"
      },
      "devDependencies": {
        "@types/react": "^18.3.0",
        "@types/react-dom": "^18.3.0",
        "@vitejs/plugin-react": "^4.3.0",
        "autoprefixer": "^10.4.20",
        "postcss": "^8.4.47",
        "tailwindcss": "^3.4.19",
        "typescript": "^5.6.0",
        "vite": "^5.4.0"
      }
    },
    "node_modules/@types/node": {
      "version": "26.6.2",
      "resolved": "https://registry.npmjs.org/@types/node/-/node-26.6.2.tgz",
      "integrity": "sha512-X1P21scMv4zGKLYqjdGjaKa7COa0RKVYYZZN/NfvLQ1JegxFhdhpZG/Lyn8AXx6CDUavKAd11v6BvfpkDByK8g==",
      "dev": true,
      "license": "MIT",
      "dependencies": {
        "undici-types": "~8.9.0"
      }
    },
    "node_modules/bob-relay": {
      "resolved": "cli",
      "link": true
    },
    "node_modules/commander": {
      "version": "15.0.0",
      "resolved": "https://registry.npmjs.org/commander/-/commander-15.0.0.tgz",
      "integrity": "sha512-z67u4ZhzCL/Tydu1lJARtEZYWbWaN7oYLHbsuzocr6y4N6WZAagG3RQ4FW61V1/0+jImpj293XfrcYnd1qxtPg==",
      "license": "MIT",
      "engines": {
        "node": ">=22.12.0"
      }
    },
    "node_modules/typescript": {
      "version": "5.9.3",
      "resolved": "https://registry.npmjs.org/typescript/-/typescript-5.9.3.tgz",
      "integrity": "sha512-jl1vZzPDinLr9eUt3J/t7V6FgNEw9QjvBPdysz9KfQDD41fQrC2Y4vKQdiaUpFT4bXlb1RHhLpp8wtm6M5TgSw==",
      "dev": true,
      "license": "Apache-2.0",
      "bin": {
        "tsc": "bin/tsc",
        "tsserver": "bin/tsserver"
      },
      "engines": {
        "node": ">=14.17"
      }
    },
    "node_modules/undici-types": {
      "version": "8.9.0",
      "resolved": "https://registry.npmjs.org/undici-types/-/undici-types-8.9.0.tgz",
      "integrity": "sha512-KTDyRTYX8sWmKXAikPHHSyc63CRPETMctyjKFupcC6OBLXT3xsN0e9aF7m+mIXutFWpUXuedtowG7iLOzp0kQg==",
      "dev": true,
      "license": "MIT"
    },
    "node_modules/yaml": {
      "version": "2.9.1",
      "resolved": "https://registry.npmjs.org/yaml/-/yaml-2.9.1.tgz",
      "integrity": "sha512-3NxN8+78OdzbT7C/WjGsyfPAtJaN3FNDsWxv7Y7mcDsT/oOmgW8BpyQQFFBnvZE3j9Y2Sdz1ULFLezL7Eb2yFw==",
      "license": "ISC",
      "bin": {
        "yaml": "bin.mjs"
      },
      "engines": {
        "node": ">= 14.6"
      },
      "funding": {
        "url": "https://github.com/sponsors/eemeli"
      }
    }
  }
}
